
Microsoft Visual Studio Solution File, Format Version 12.00
# Visual Studio Version 17
VisualStudioVersion = 17.5.33516.290
MinimumVisualStudioVersion = 10.0.40219.1
Project("{FAE04EC0-301F-11D3-BF4B-00C04F79EFBC}") = "RentACar2", "WebApplication1\RentACar2.csproj", "{0BBD0F04-CD57-4635-B5A4-71A6EADDDCE1}"
EndProject
Global
	GlobalSection(SolutionConfigurationPlatforms) = preSolution
		Debug|Any CPU = Debug|Any CPU
		Release|Any CPU = Release|Any CPU
	EndGlobalSection
	GlobalSection(ProjectConfigurationPlatforms) = postSolution
		{0BBD0F04-CD57-4635-B5A4-71A6EADDDCE1}.Debug|Any CPU.ActiveCfg = Debug|Any CPU
		{0BBD0F04-CD57-4635-B5A4-71A6EADDDCE1}.Debug|Any CPU.Build.0 = Debug|Any CPU
		{0BBD0F04-CD57-4635-B5A4-71A6EADDDCE1}.Release|Any CPU.ActiveCfg = Release|Any CPU
		{0BBD0F04-CD57-4635-B5A4-71A6EADDDCE1}.Release|Any CPU.Build.0 = Release|Any CPU
	EndGlobalSection
	GlobalSection(SolutionProperties) = preSolution
		HideSolutionNode = FALSE
	EndGlobalSection
	GlobalSection(ExtensibilityGlobals) = postSolution
		SolutionGuid = {A520045F-8F6D-48B9-802A-92F6BA395643}
	EndGlobalSection
EndGlobal
